
Microsoft Visual Studio Solution File, Format Version 12.00
# Visual Studio Version 16
VisualStudioVersion = 16.0.30717.126
MinimumVisualStudioVersion = 10.0.40219.1
Project("{FAE04EC0-301F-11D3-BF4B-00C04F79EFBC}") = "Facturation2.Server", "Facturation2\Server\Facturation2.Server.csproj", "{5F382408-2BC7-465A-BD1E-1AFA9006F617}"
EndProject
Project("{FAE04EC0-301F-11D3-BF4B-00C04F79EFBC}") = "Facturation2.Client", "Facturation2\Client\Facturation2.Client.csproj", "{A3E00C73-5901-4DF0-B7FB-1289B343FE72}"
EndProject
Project("{FAE04EC0-301F-11D3-BF4B-00C04F79EFBC}") = "Facturation2.Shared", "Facturation2\Shared\Facturation2.Shared.csproj", "{25A40291-FF2B-4BBF-9415-1049E2E89C4C}"
EndProject
Global
	GlobalSection(SolutionConfigurationPlatforms) = preSolution
		Debug|Any CPU = Debug|Any CPU
		Release|Any CPU = Release|Any CPU
	EndGlobalSection
	GlobalSection(ProjectConfigurationPlatforms) = postSolution
		{5F382408-2BC7-465A-BD1E-1AFA9006F617}.Debug|Any CPU.ActiveCfg = Debug|Any CPU
		{5F382408-2BC7-465A-BD1E-1AFA9006F617}.Debug|Any CPU.Build.0 = Debug|Any CPU
		{5F382408-2BC7-465A-BD1E-1AFA9006F617}.Release|Any CPU.ActiveCfg = Release|Any CPU
		{5F382408-2BC7-465A-BD1E-1AFA9006F617}.Release|Any CPU.Build.0 = Release|Any CPU
		{A3E00C73-5901-4DF0-B7FB-1289B343FE72}.Debug|Any CPU.ActiveCfg = Debug|Any CPU
		{A3E00C73-5901-4DF0-B7FB-1289B343FE72}.Debug|Any CPU.Build.0 = Debug|Any CPU
		{A3E00C73-5901-4DF0-B7FB-1289B343FE72}.Release|Any CPU.ActiveCfg = Release|Any CPU
		{A3E00C73-5901-4DF0-B7FB-1289B343FE72}.Release|Any CPU.Build.0 = Release|Any CPU
		{25A40291-FF2B-4BBF-9415-1049E2E89C4C}.Debug|Any CPU.ActiveCfg = Debug|Any CPU
		{25A40291-FF2B-4BBF-9415-1049E2E89C4C}.Debug|Any CPU.Build.0 = Debug|Any CPU
		{25A40291-FF2B-4BBF-9415-1049E2E89C4C}.Release|Any CPU.ActiveCfg = Release|Any CPU
		{25A40291-FF2B-4BBF-9415-1049E2E89C4C}.Release|Any CPU.Build.0 = Release|Any CPU
	EndGlobalSection
	GlobalSection(SolutionProperties) = preSolution
		HideSolutionNode = FALSE
	EndGlobalSection
	GlobalSection(ExtensibilityGlobals) = postSolution
		SolutionGuid = {2D900635-4FD4-49F8-8B95-2C17FF964790}
	EndGlobalSection
EndGlobal
